
Microsoft Visual Studio Solution File, Format Version 12.00
# Visual Studio 15
VisualStudioVersion = 15.0.27004.2005
MinimumVisualStudioVersion = 10.0.40219.1
Project("{FAE04EC0-301F-11D3-BF4B-00C04F79EFBC}") = "HelloWorld", "HelloWorld\HelloWorld.csproj", "{11F5A576-CE8E-48C0-B38B-AE1CD8AD8177}"
EndProject
Global
	GlobalSection(SolutionConfigurationPlatforms) = preSolution
		Debug|Any CPU = Debug|Any CPU
		Release|Any CPU = Release|Any CPU
	EndGlobalSection
	GlobalSection(ProjectConfigurationPlatforms) = postSolution
		{11F5A576-CE8E-48C0-B38B-AE1CD8AD8177}.Debug|Any CPU.ActiveCfg = Debug|Any CPU
		{11F5A576-CE8E-48C0-B38B-AE1CD8AD8177}.Debug|Any CPU.Build.0 = Debug|Any CPU
		{11F5A576-CE8E-48C0-B38B-AE1CD8AD8177}.Release|Any CPU.ActiveCfg = Release|Any CPU
		{11F5A576-CE8E-48C0-B38B-AE1CD8AD8177}.Release|Any CPU.Build.0 = Release|Any CPU
	EndGlobalSection
	GlobalSection(SolutionProperties) = preSolution
		HideSolutionNode = FALSE
	EndGlobalSection
	GlobalSection(ExtensibilityGlobals) = postSolution
		SolutionGuid = {9CDDD5F5-AB55-4BEA-B1CB-3B282EFEA060}
	EndGlobalSection
EndGlobal
